// !$*UTF8*$!
{
	archiveVersion = 1;
	classes = {
	};
	objectVersion = 77;
	objects = {

/* Begin PBXBuildFile section */
		DA1F27832E37A8C300295829 /* NavigationViewBootcamp.swift in Sources */ = {isa = PBXBuildFile; fileRef = DA1F27822E37A8BB00295829 /* NavigationViewBootcamp.swift */; };
		DA415E662DE5BFAB009F515E /* ContentView.swift in Sources */ = {isa = PBXBuildFile; fileRef = DA415E632DE5BFAB009F515E /* ContentView.swift */; };
		DA415E672DE5BFAB009F515E /* LearnSwiftUIApp.swift in Sources */ = {isa = PBXBuildFile; fileRef = DA415E642DE5BFAB009F515E /* LearnSwiftUIApp.swift */; };
		DA415E682DE5BFAB009F515E /* Preview Assets.xcassets in Resources */ = {isa = PBXBuildFile; fileRef = DA415E602DE5BFAB009F515E /* Preview Assets.xcassets */; };
		DA415E692DE5BFAB009F515E /* Assets.xcassets in Resources */ = {isa = PBXBuildFile; fileRef = DA415E622DE5BFAB009F515E /* Assets.xcassets */; };
		DA415E6E2DE5BFDD009F515E /* TextBootcamp.swift in Sources */ = {isa = PBXBuildFile; fileRef = DA415E6D2DE5BFDD009F515E /* TextBootcamp.swift */; };
		DA415E702DE5BFF9009F515E /* Dosis-VariableFont_wght.ttf in Resources */ = {isa = PBXBuildFile; fileRef = DA415E6F2DE5BFF9009F515E /* Dosis-VariableFont_wght.ttf */; };
		DA415E742DE5C31F009F515E /* Font.swift in Sources */ = {isa = PBXBuildFile; fileRef = DA415E732DE5C31F009F515E /* Font.swift */; };
		DA415E8B2DE5C845009F515E /* ShapesBootcamp.swift in Sources */ = {isa = PBXBuildFile; fileRef = DA415E8A2DE5C845009F515E /* ShapesBootcamp.swift */; };
		DA415E8D2DE5CD41009F515E /* ColorsBootcamp.swift in Sources */ = {isa = PBXBuildFile; fileRef = DA415E8C2DE5CD41009F515E /* ColorsBootcamp.swift */; };
		DA415E8F2DE5DCC0009F515E /* Color.swift in Sources */ = {isa = PBXBuildFile; fileRef = DA415E8E2DE5DCC0009F515E /* Color.swift */; };
		DA415E912DE5DF63009F515E /* GradientsColorBootcamp.swift in Sources */ = {isa = PBXBuildFile; fileRef = DA415E902DE5DF63009F515E /* GradientsColorBootcamp.swift */; };
		DA415E952DE5E707009F515E /* ImagesBootcamp.swift in Sources */ = {isa = PBXBuildFile; fileRef = DA415E942DE5E707009F515E /* ImagesBootcamp.swift */; };
		DA5164302E3BCD2500642709 /* NavigationStackBootcamp.swift in Sources */ = {isa = PBXBuildFile; fileRef = DA51642F2E3BCD2500642709 /* NavigationStackBootcamp.swift */; };
		DA5164322E3CB57600642709 /* NavigationManager.swift in Sources */ = {isa = PBXBuildFile; fileRef = DA5164312E3CB57600642709 /* NavigationManager.swift */; };
		DA5C98B62E391F4B007AC9E9 /* TodoAppView.swift in Sources */ = {isa = PBXBuildFile; fileRef = DA5C98B52E391F4B007AC9E9 /* TodoAppView.swift */; };
		DA5C98B82E391F91007AC9E9 /* TodoListView.swift in Sources */ = {isa = PBXBuildFile; fileRef = DA5C98B72E391F91007AC9E9 /* TodoListView.swift */; };
		DA5C98BA2E39237C007AC9E9 /* TodoRowView.swift in Sources */ = {isa = PBXBuildFile; fileRef = DA5C98B92E39237C007AC9E9 /* TodoRowView.swift */; };
		DA5C98BC2E3924AA007AC9E9 /* TodoDetailView.swift in Sources */ = {isa = PBXBuildFile; fileRef = DA5C98BB2E3924AA007AC9E9 /* TodoDetailView.swift */; };
		DA5D711C2E3D184500C78E40 /* Router.swift in Sources */ = {isa = PBXBuildFile; fileRef = DA5D711B2E3D184500C78E40 /* Router.swift */; };
		DA5D711E2E3D185500C78E40 /* NavRouter.swift in Sources */ = {isa = PBXBuildFile; fileRef = DA5D711D2E3D185500C78E40 /* NavRouter.swift */; };
		DA5D71202E3D185F00C78E40 /* ScreenCoordinator.swift in Sources */ = {isa = PBXBuildFile; fileRef = DA5D711F2E3D185F00C78E40 /* ScreenCoordinator.swift */; };
		DA5D71252E3D189100C78E40 /* Splash.swift in Sources */ = {isa = PBXBuildFile; fileRef = DA5D71242E3D189100C78E40 /* Splash.swift */; };
		DA5D71272E3D18E300C78E40 /* UserSettings.swift in Sources */ = {isa = PBXBuildFile; fileRef = DA5D71262E3D18E300C78E40 /* UserSettings.swift */; };
		DA5D712A2E3D19A000C78E40 /* Logger.swift in Sources */ = {isa = PBXBuildFile; fileRef = DA5D71292E3D19A000C78E40 /* Logger.swift */; };
		DA5D712C2E3D1A8800C78E40 /* Login.swift in Sources */ = {isa = PBXBuildFile; fileRef = DA5D712B2E3D1A8500C78E40 /* Login.swift */; };
		DA5D712E2E3D1D7900C78E40 /* AppCoordinator.swift in Sources */ = {isa = PBXBuildFile; fileRef = DA5D712D2E3D1D7900C78E40 /* AppCoordinator.swift */; };
		DA5D71302E3D205400C78E40 /* MainTab.swift in Sources */ = {isa = PBXBuildFile; fileRef = DA5D712F2E3D205000C78E40 /* MainTab.swift */; };
		DA5D71322E3D20F100C78E40 /* Placeholder.swift in Sources */ = {isa = PBXBuildFile; fileRef = DA5D71312E3D20F100C78E40 /* Placeholder.swift */; };
		DA5D71342E3DE65500C78E40 /* Home.swift in Sources */ = {isa = PBXBuildFile; fileRef = DA5D71332E3DE65500C78E40 /* Home.swift */; };
		DA5D71362E3DE82A00C78E40 /* Account.swift in Sources */ = {isa = PBXBuildFile; fileRef = DA5D71352E3DE82A00C78E40 /* Account.swift */; };
		DA5D71382E3DFBA000C78E40 /* ChangePassword.swift in Sources */ = {isa = PBXBuildFile; fileRef = DA5D71372E3DFBA000C78E40 /* ChangePassword.swift */; };
		DA5D713A2E3E000D00C78E40 /* Security.swift in Sources */ = {isa = PBXBuildFile; fileRef = DA5D71392E3E000D00C78E40 /* Security.swift */; };
		DA5D71432E3E4BF700C78E40 /* BackButton.swift in Sources */ = {isa = PBXBuildFile; fileRef = DA5D71422E3E4BF700C78E40 /* BackButton.swift */; };
		DA5D71452E3F43B100C78E40 /* ObservablePattern.swift in Sources */ = {isa = PBXBuildFile; fileRef = DA5D71442E3F43B100C78E40 /* ObservablePattern.swift */; };
		DA5D71472E3F589A00C78E40 /* CustomEnvironmentValues.swift in Sources */ = {isa = PBXBuildFile; fileRef = DA5D71462E3F589A00C78E40 /* CustomEnvironmentValues.swift */; };
		DA5D717E2E3FA57800C78E40 /* NetworkProtocols.swift in Sources */ = {isa = PBXBuildFile; fileRef = DA5D717D2E3FA57800C78E40 /* NetworkProtocols.swift */; };
		DA5D71822E3FA59900C78E40 /* NetworkError.swift in Sources */ = {isa = PBXBuildFile; fileRef = DA5D71812E3FA59900C78E40 /* NetworkError.swift */; };
		DA5D71862E3FA5B400C78E40 /* NetworkManager.swift in Sources */ = {isa = PBXBuildFile; fileRef = DA5D71852E3FA5B400C78E40 /* NetworkManager.swift */; };
		DA5D71892E3FB05100C78E40 /* UserRowView.swift in Sources */ = {isa = PBXBuildFile; fileRef = DA5D71882E3FB05100C78E40 /* UserRowView.swift */; };
		DA5D718B2E3FB25700C78E40 /* GithubUserListView.swift in Sources */ = {isa = PBXBuildFile; fileRef = DA5D718A2E3FB25700C78E40 /* GithubUserListView.swift */; };
		DA5D718E2E3FBA6A00C78E40 /* GithubUser.swift in Sources */ = {isa = PBXBuildFile; fileRef = DA5D718D2E3FBA6A00C78E40 /* GithubUser.swift */; };
		DA5D71902E3FBA7400C78E40 /* UserDetail.swift in Sources */ = {isa = PBXBuildFile; fileRef = DA5D718F2E3FBA7400C78E40 /* UserDetail.swift */; };
		DA5D71932E3FBB7C00C78E40 /* SDWebImageSwiftUI in Frameworks */ = {isa = PBXBuildFile; productRef = DA5D71922E3FBB7C00C78E40 /* SDWebImageSwiftUI */; };
		DA5D71962E3FBC9100C78E40 /* GitHubAPIEndpoint.swift in Sources */ = {isa = PBXBuildFile; fileRef = DA5D71952E3FBC9100C78E40 /* GitHubAPIEndpoint.swift */; };
		DA5D71982E3FBCBA00C78E40 /* GitHubNetworkService.swift in Sources */ = {isa = PBXBuildFile; fileRef = DA5D71972E3FBCBA00C78E40 /* GitHubNetworkService.swift */; };
		DA5D719B2E3FC03D00C78E40 /* AlertHandler.swift in Sources */ = {isa = PBXBuildFile; fileRef = DA5D719A2E3FC03D00C78E40 /* AlertHandler.swift */; };
		DA5D719E2E40940400C78E40 /* GithubUserListVM.swift in Sources */ = {isa = PBXBuildFile; fileRef = DA5D719D2E40940400C78E40 /* GithubUserListVM.swift */; };
		DA5D71A02E40CC8300C78E40 /* AsyncAwaitBootcamp.swift in Sources */ = {isa = PBXBuildFile; fileRef = DA5D719F2E40CC8300C78E40 /* AsyncAwaitBootcamp.swift */; };
		DA5D71A22E41EEDA00C78E40 /* ChangePasswordSuccess.swift in Sources */ = {isa = PBXBuildFile; fileRef = DA5D71A12E41EEDA00C78E40 /* ChangePasswordSuccess.swift */; };
		DA65B7352E37D34600BF8A59 /* TodoStore.swift in Sources */ = {isa = PBXBuildFile; fileRef = DA65B7342E37D34600BF8A59 /* TodoStore.swift */; };
		DA83D81C2E37891E00913BF5 /* EnvironmentObjectBootcamp.swift in Sources */ = {isa = PBXBuildFile; fileRef = DA83D81B2E37891100913BF5 /* EnvironmentObjectBootcamp.swift */; };
		DA8991382E47671F00C2BD27 /* HButton.swift in Sources */ = {isa = PBXBuildFile; fileRef = DA8991372E47671F00C2BD27 /* HButton.swift */; };
		DAA3B8D42E3A65110051F62F /* SharedModel.swift in Sources */ = {isa = PBXBuildFile; fileRef = DAA3B8D32E3A65110051F62F /* SharedModel.swift */; };
		DAA3B8D62E3B2C610051F62F /* EnvironmentBootcamp.swift in Sources */ = {isa = PBXBuildFile; fileRef = DAA3B8D52E3B2C610051F62F /* EnvironmentBootcamp.swift */; };
		DAA3B8DA2E3B61C20051F62F /* ObservableBootcamp.swift in Sources */ = {isa = PBXBuildFile; fileRef = DAA3B8D92E3B61C20051F62F /* ObservableBootcamp.swift */; };
		DAA930402E33C99C000FE238 /* ButtonModifier.swift in Sources */ = {isa = PBXBuildFile; fileRef = DAA9303F2E33C995000FE238 /* ButtonModifier.swift */; };
		DAAE8CB82E43B46800FCBA4E /* GestureBootcamp.swift in Sources */ = {isa = PBXBuildFile; fileRef = DAAE8CB72E43B46800FCBA4E /* GestureBootcamp.swift */; };
		DAAE8CBA2E44BDFF00FCBA4E /* FormView.swift in Sources */ = {isa = PBXBuildFile; fileRef = DAAE8CB92E44BDFF00FCBA4E /* FormView.swift */; };
		DAAE8CBD2E45028300FCBA4E /* CounterState.swift in Sources */ = {isa = PBXBuildFile; fileRef = DAAE8CBC2E45028300FCBA4E /* CounterState.swift */; };
		DAE2EAC62DF41FAB0083E733 /* BindingBootcamp.swift in Sources */ = {isa = PBXBuildFile; fileRef = DAE2EAC52DF41FAB0083E733 /* BindingBootcamp.swift */; };
		DAE2EAC82DF4A6CF0083E733 /* AnimationBootcamp.swift in Sources */ = {isa = PBXBuildFile; fileRef = DAE2EAC72DF4A6CF0083E733 /* AnimationBootcamp.swift */; };
		DAE2EACA2DF5DE280083E733 /* SheetBootcamp.swift in Sources */ = {isa = PBXBuildFile; fileRef = DAE2EAC92DF5DE280083E733 /* SheetBootcamp.swift */; };
		DAEBAE062DE9C2F800082B1C /* FrameBootcamp.swift in Sources */ = {isa = PBXBuildFile; fileRef = DAEBAE052DE9C2F800082B1C /* FrameBootcamp.swift */; };
		DAEBAE082DE9C54500082B1C /* BackgroundAndOverlayBootcamp.swift in Sources */ = {isa = PBXBuildFile; fileRef = DAEBAE072DE9C54500082B1C /* BackgroundAndOverlayBootcamp.swift */; };
		DAEBAE3A2DEAF92400082B1C /* StacksBootcamp.swift in Sources */ = {isa = PBXBuildFile; fileRef = DAEBAE392DEAF92400082B1C /* StacksBootcamp.swift */; };
		DAEBAE3C2DEB07A500082B1C /* SpacerBootcamp.swift in Sources */ = {isa = PBXBuildFile; fileRef = DAEBAE3B2DEB07A500082B1C /* SpacerBootcamp.swift */; };
		DAEBAE3E2DEB149C00082B1C /* InitializerBootcamp.swift in Sources */ = {isa = PBXBuildFile; fileRef = DAEBAE3D2DEB149C00082B1C /* InitializerBootcamp.swift */; };
		DAEBAE402DEC754F00082B1C /* ForEachAndLoopsBootcamp.swift in Sources */ = {isa = PBXBuildFile; fileRef = DAEBAE3F2DEC754F00082B1C /* ForEachAndLoopsBootcamp.swift */; };
		DAEBAE422DECB55B00082B1C /* ScrollViewBootcamp.swift in Sources */ = {isa = PBXBuildFile; fileRef = DAEBAE412DECB55B00082B1C /* ScrollViewBootcamp.swift */; };
		DAEBAE442DECC2D100082B1C /* GridBootcamp.swift in Sources */ = {isa = PBXBuildFile; fileRef = DAEBAE432DECC2D100082B1C /* GridBootcamp.swift */; };
		DAEBAE462DF11C7300082B1C /* ButtonBootcamp.swift in Sources */ = {isa = PBXBuildFile; fileRef = DAEBAE452DF11C7300082B1C /* ButtonBootcamp.swift */; };
		DAEBAE482DF2692E00082B1C /* SateBootcamp.swift in Sources */ = {isa = PBXBuildFile; fileRef = DAEBAE472DF2692E00082B1C /* SateBootcamp.swift */; };
		DAEBAE4A2DF28E1E00082B1C /* SubviewBootcamp.swift in Sources */ = {isa = PBXBuildFile; fileRef = DAEBAE492DF28E1E00082B1C /* SubviewBootcamp.swift */; };
		DAEBAE4F2DF2909E00082B1C /* Closure.swift in Sources */ = {isa = PBXBuildFile; fileRef = DAEBAE4E2DF2909E00082B1C /* Closure.swift */; };
		DAED677E2E20E45C00309382 /* StateObjectBootcamp.swift in Sources */ = {isa = PBXBuildFile; fileRef = DAED677D2E20E45C00309382 /* StateObjectBootcamp.swift */; };
		DAED67802E21089A00309382 /* ObservedObjectBootcamp.swift in Sources */ = {isa = PBXBuildFile; fileRef = DAED677F2E21089A00309382 /* ObservedObjectBootcamp.swift */; };
		DAEEFB762E366D4000E78DA2 /* ObservableObjectBootcamp.swift in Sources */ = {isa = PBXBuildFile; fileRef = DAEEFB752E366D2F00E78DA2 /* ObservableObjectBootcamp.swift */; };
/* End PBXBuildFile section */

/* Begin PBXFileReference section */
		DA1F27822E37A8BB00295829 /* NavigationViewBootcamp.swift */ = {isa = PBXFileReference; lastKnownFileType = sourcecode.swift; path = NavigationViewBootcamp.swift; sourceTree = "<group>"; };
		DA415E4F2DE5BF26009F515E /* LearnSwiftUI.app */ = {isa = PBXFileReference; explicitFileType = wrapper.application; includeInIndex = 0; path = LearnSwiftUI.app; sourceTree = BUILT_PRODUCTS_DIR; };
		DA415E602DE5BFAB009F515E /* Preview Assets.xcassets */ = {isa = PBXFileReference; lastKnownFileType = folder.assetcatalog; path = "Preview Assets.xcassets"; sourceTree = "<group>"; };
		DA415E622DE5BFAB009F515E /* Assets.xcassets */ = {isa = PBXFileReference; lastKnownFileType = folder.assetcatalog; path = Assets.xcassets; sourceTree = "<group>"; };
		DA415E632DE5BFAB009F515E /* ContentView.swift */ = {isa = PBXFileReference; lastKnownFileType = sourcecode.swift; path = ContentView.swift; sourceTree = "<group>"; };
		DA415E642DE5BFAB009F515E /* LearnSwiftUIApp.swift */ = {isa = PBXFileReference; lastKnownFileType = sourcecode.swift; path = LearnSwiftUIApp.swift; sourceTree = "<group>"; };
		DA415E6D2DE5BFDD009F515E /* TextBootcamp.swift */ = {isa = PBXFileReference; lastKnownFileType = sourcecode.swift; path = TextBootcamp.swift; sourceTree = "<group>"; };
		DA415E6F2DE5BFF9009F515E /* Dosis-VariableFont_wght.ttf */ = {isa = PBXFileReference; lastKnownFileType = file; path = "Dosis-VariableFont_wght.ttf"; sourceTree = "<group>"; };
		DA415E712DE5C00D009F515E /* Info.plist */ = {isa = PBXFileReference; lastKnownFileType = text.plist; path = Info.plist; sourceTree = "<group>"; };
		DA415E732DE5C31F009F515E /* Font.swift */ = {isa = PBXFileReference; lastKnownFileType = sourcecode.swift; path = Font.swift; sourceTree = "<group>"; };
		DA415E8A2DE5C845009F515E /* ShapesBootcamp.swift */ = {isa = PBXFileReference; lastKnownFileType = sourcecode.swift; path = ShapesBootcamp.swift; sourceTree = "<group>"; };
		DA415E8C2DE5CD41009F515E /* ColorsBootcamp.swift */ = {isa = PBXFileReference; lastKnownFileType = sourcecode.swift; path = ColorsBootcamp.swift; sourceTree = "<group>"; };
		DA415E8E2DE5DCC0009F515E /* Color.swift */ = {isa = PBXFileReference; lastKnownFileType = sourcecode.swift; path = Color.swift; sourceTree = "<group>"; };
		DA415E902DE5DF63009F515E /* GradientsColorBootcamp.swift */ = {isa = PBXFileReference; lastKnownFileType = sourcecode.swift; path = GradientsColorBootcamp.swift; sourceTree = "<group>"; };
		DA415E942DE5E707009F515E /* ImagesBootcamp.swift */ = {isa = PBXFileReference; lastKnownFileType = sourcecode.swift; path = ImagesBootcamp.swift; sourceTree = "<group>"; };
		DA51642F2E3BCD2500642709 /* NavigationStackBootcamp.swift */ = {isa = PBXFileReference; lastKnownFileType = sourcecode.swift; path = NavigationStackBootcamp.swift; sourceTree = "<group>"; };
		DA5164312E3CB57600642709 /* NavigationManager.swift */ = {isa = PBXFileReference; lastKnownFileType = sourcecode.swift; path = NavigationManager.swift; sourceTree = "<group>"; };
		DA5C98B52E391F4B007AC9E9 /* TodoAppView.swift */ = {isa = PBXFileReference; lastKnownFileType = sourcecode.swift; path = TodoAppView.swift; sourceTree = "<group>"; };
		DA5C98B72E391F91007AC9E9 /* TodoListView.swift */ = {isa = PBXFileReference; lastKnownFileType = sourcecode.swift; path = TodoListView.swift; sourceTree = "<group>"; };
		DA5C98B92E39237C007AC9E9 /* TodoRowView.swift */ = {isa = PBXFileReference; lastKnownFileType = sourcecode.swift; path = TodoRowView.swift; sourceTree = "<group>"; };
		DA5C98BB2E3924AA007AC9E9 /* TodoDetailView.swift */ = {isa = PBXFileReference; lastKnownFileType = sourcecode.swift; path = TodoDetailView.swift; sourceTree = "<group>"; };
		DA5D711B2E3D184500C78E40 /* Router.swift */ = {isa = PBXFileReference; lastKnownFileType = sourcecode.swift; path = Router.swift; sourceTree = "<group>"; };
		DA5D711D2E3D185500C78E40 /* NavRouter.swift */ = {isa = PBXFileReference; lastKnownFileType = sourcecode.swift; path = NavRouter.swift; sourceTree = "<group>"; };
		DA5D711F2E3D185F00C78E40 /* ScreenCoordinator.swift */ = {isa = PBXFileReference; lastKnownFileType = sourcecode.swift; path = ScreenCoordinator.swift; sourceTree = "<group>"; };
		DA5D71242E3D189100C78E40 /* Splash.swift */ = {isa = PBXFileReference; lastKnownFileType = sourcecode.swift; path = Splash.swift; sourceTree = "<group>"; };
		DA5D71262E3D18E300C78E40 /* UserSettings.swift */ = {isa = PBXFileReference; lastKnownFileType = sourcecode.swift; path = UserSettings.swift; sourceTree = "<group>"; };
		DA5D71292E3D19A000C78E40 /* Logger.swift */ = {isa = PBXFileReference; lastKnownFileType = sourcecode.swift; path = Logger.swift; sourceTree = "<group>"; };
		DA5D712B2E3D1A8500C78E40 /* Login.swift */ = {isa = PBXFileReference; lastKnownFileType = sourcecode.swift; path = Login.swift; sourceTree = "<group>"; };
		DA5D712D2E3D1D7900C78E40 /* AppCoordinator.swift */ = {isa = PBXFileReference; lastKnownFileType = sourcecode.swift; path = AppCoordinator.swift; sourceTree = "<group>"; };
		DA5D712F2E3D205000C78E40 /* MainTab.swift */ = {isa = PBXFileReference; lastKnownFileType = sourcecode.swift; path = MainTab.swift; sourceTree = "<group>"; };
		DA5D71312E3D20F100C78E40 /* Placeholder.swift */ = {isa = PBXFileReference; lastKnownFileType = sourcecode.swift; path = Placeholder.swift; sourceTree = "<group>"; };
		DA5D71332E3DE65500C78E40 /* Home.swift */ = {isa = PBXFileReference; lastKnownFileType = sourcecode.swift; path = Home.swift; sourceTree = "<group>"; };
		DA5D71352E3DE82A00C78E40 /* Account.swift */ = {isa = PBXFileReference; lastKnownFileType = sourcecode.swift; path = Account.swift; sourceTree = "<group>"; };
		DA5D71372E3DFBA000C78E40 /* ChangePassword.swift */ = {isa = PBXFileReference; lastKnownFileType = sourcecode.swift; path = ChangePassword.swift; sourceTree = "<group>"; };
		DA5D71392E3E000D00C78E40 /* Security.swift */ = {isa = PBXFileReference; lastKnownFileType = sourcecode.swift; path = Security.swift; sourceTree = "<group>"; };
		DA5D71422E3E4BF700C78E40 /* BackButton.swift */ = {isa = PBXFileReference; lastKnownFileType = sourcecode.swift; path = BackButton.swift; sourceTree = "<group>"; };
		DA5D71442E3F43B100C78E40 /* ObservablePattern.swift */ = {isa = PBXFileReference; lastKnownFileType = sourcecode.swift; path = ObservablePattern.swift; sourceTree = "<group>"; };
		DA5D71462E3F589A00C78E40 /* CustomEnvironmentValues.swift */ = {isa = PBXFileReference; lastKnownFileType = sourcecode.swift; path = CustomEnvironmentValues.swift; sourceTree = "<group>"; };
		DA5D717D2E3FA57800C78E40 /* NetworkProtocols.swift */ = {isa = PBXFileReference; lastKnownFileType = sourcecode.swift; path = NetworkProtocols.swift; sourceTree = "<group>"; };
		DA5D71812E3FA59900C78E40 /* NetworkError.swift */ = {isa = PBXFileReference; lastKnownFileType = sourcecode.swift; path = NetworkError.swift; sourceTree = "<group>"; };
		DA5D71852E3FA5B400C78E40 /* NetworkManager.swift */ = {isa = PBXFileReference; lastKnownFileType = sourcecode.swift; path = NetworkManager.swift; sourceTree = "<group>"; };
		DA5D71882E3FB05100C78E40 /* UserRowView.swift */ = {isa = PBXFileReference; lastKnownFileType = sourcecode.swift; path = UserRowView.swift; sourceTree = "<group>"; };
		DA5D718A2E3FB25700C78E40 /* GithubUserListView.swift */ = {isa = PBXFileReference; lastKnownFileType = sourcecode.swift; path = GithubUserListView.swift; sourceTree = "<group>"; };
		DA5D718D2E3FBA6A00C78E40 /* GithubUser.swift */ = {isa = PBXFileReference; lastKnownFileType = sourcecode.swift; path = GithubUser.swift; sourceTree = "<group>"; };
		DA5D718F2E3FBA7400C78E40 /* UserDetail.swift */ = {isa = PBXFileReference; lastKnownFileType = sourcecode.swift; path = UserDetail.swift; sourceTree = "<group>"; };
		DA5D71952E3FBC9100C78E40 /* GitHubAPIEndpoint.swift */ = {isa = PBXFileReference; lastKnownFileType = sourcecode.swift; path = GitHubAPIEndpoint.swift; sourceTree = "<group>"; };
		DA5D71972E3FBCBA00C78E40 /* GitHubNetworkService.swift */ = {isa = PBXFileReference; lastKnownFileType = sourcecode.swift; path = GitHubNetworkService.swift; sourceTree = "<group>"; };
		DA5D719A2E3FC03D00C78E40 /* AlertHandler.swift */ = {isa = PBXFileReference; lastKnownFileType = sourcecode.swift; path = AlertHandler.swift; sourceTree = "<group>"; };
		DA5D719D2E40940400C78E40 /* GithubUserListVM.swift */ = {isa = PBXFileReference; lastKnownFileType = sourcecode.swift; path = GithubUserListVM.swift; sourceTree = "<group>"; };
		DA5D719F2E40CC8300C78E40 /* AsyncAwaitBootcamp.swift */ = {isa = PBXFileReference; lastKnownFileType = sourcecode.swift; path = AsyncAwaitBootcamp.swift; sourceTree = "<group>"; };
		DA5D71A12E41EEDA00C78E40 /* ChangePasswordSuccess.swift */ = {isa = PBXFileReference; lastKnownFileType = sourcecode.swift; path = ChangePasswordSuccess.swift; sourceTree = "<group>"; };
		DA65B7342E37D34600BF8A59 /* TodoStore.swift */ = {isa = PBXFileReference; lastKnownFileType = sourcecode.swift; path = TodoStore.swift; sourceTree = "<group>"; };
		DA6E0BBB2E4A32D0009B3778 /* OperationQueueTest.playground */ = {isa = PBXFileReference; lastKnownFileType = file.playground; path = OperationQueueTest.playground; sourceTree = "<group>"; xcLanguageSpecificationIdentifier = xcode.lang.swift; };
		DA83D81B2E37891100913BF5 /* EnvironmentObjectBootcamp.swift */ = {isa = PBXFileReference; lastKnownFileType = sourcecode.swift; path = EnvironmentObjectBootcamp.swift; sourceTree = "<group>"; };
		DA8991372E47671F00C2BD27 /* HButton.swift */ = {isa = PBXFileReference; lastKnownFileType = sourcecode.swift; path = HButton.swift; sourceTree = "<group>"; };
		DA89A7CF2E48DF73007BF882 /* Closure.playground */ = {isa = PBXFileReference; lastKnownFileType = file.playground; path = Closure.playground; sourceTree = "<group>"; xcLanguageSpecificationIdentifier = xcode.lang.swift; };
		DA89A7D12E48FEAE007BF882 /* RefreshTokenExample.playground */ = {isa = PBXFileReference; lastKnownFileType = file.playground; path = RefreshTokenExample.playground; sourceTree = "<group>"; xcLanguageSpecificationIdentifier = xcode.lang.swift; };
		DA89A7D22E490391007BF882 /* GCDTest.playground */ = {isa = PBXFileReference; lastKnownFileType = file.playground; path = GCDTest.playground; sourceTree = "<group>"; xcLanguageSpecificationIdentifier = xcode.lang.swift; };
		DAA3B8D32E3A65110051F62F /* SharedModel.swift */ = {isa = PBXFileReference; lastKnownFileType = sourcecode.swift; path = SharedModel.swift; sourceTree = "<group>"; };
		DAA3B8D52E3B2C610051F62F /* EnvironmentBootcamp.swift */ = {isa = PBXFileReference; lastKnownFileType = sourcecode.swift; path = EnvironmentBootcamp.swift; sourceTree = "<group>"; };
		DAA3B8D92E3B61C20051F62F /* ObservableBootcamp.swift */ = {isa = PBXFileReference; lastKnownFileType = sourcecode.swift; path = ObservableBootcamp.swift; sourceTree = "<group>"; };
		DAA9303F2E33C995000FE238 /* ButtonModifier.swift */ = {isa = PBXFileReference; lastKnownFileType = sourcecode.swift; path = ButtonModifier.swift; sourceTree = "<group>"; };
		DAAE8CB72E43B46800FCBA4E /* GestureBootcamp.swift */ = {isa = PBXFileReference; lastKnownFileType = sourcecode.swift; path = GestureBootcamp.swift; sourceTree = "<group>"; };
		DAAE8CB92E44BDFF00FCBA4E /* FormView.swift */ = {isa = PBXFileReference; lastKnownFileType = sourcecode.swift; path = FormView.swift; sourceTree = "<group>"; };
		DAAE8CBC2E45028300FCBA4E /* CounterState.swift */ = {isa = PBXFileReference; lastKnownFileType = sourcecode.swift; path = CounterState.swift; sourceTree = "<group>"; };
		DAE2EAC52DF41FAB0083E733 /* BindingBootcamp.swift */ = {isa = PBXFileReference; lastKnownFileType = sourcecode.swift; path = BindingBootcamp.swift; sourceTree = "<group>"; };
		DAE2EAC72DF4A6CF0083E733 /* AnimationBootcamp.swift */ = {isa = PBXFileReference; lastKnownFileType = sourcecode.swift; path = AnimationBootcamp.swift; sourceTree = "<group>"; };
		DAE2EAC92DF5DE280083E733 /* SheetBootcamp.swift */ = {isa = PBXFileReference; lastKnownFileType = sourcecode.swift; path = SheetBootcamp.swift; sourceTree = "<group>"; };
		DAEBAE052DE9C2F800082B1C /* FrameBootcamp.swift */ = {isa = PBXFileReference; lastKnownFileType = sourcecode.swift; path = FrameBootcamp.swift; sourceTree = "<group>"; };
		DAEBAE072DE9C54500082B1C /* BackgroundAndOverlayBootcamp.swift */ = {isa = PBXFileReference; lastKnownFileType = sourcecode.swift; path = BackgroundAndOverlayBootcamp.swift; sourceTree = "<group>"; };
		DAEBAE392DEAF92400082B1C /* StacksBootcamp.swift */ = {isa = PBXFileReference; lastKnownFileType = sourcecode.swift; path = StacksBootcamp.swift; sourceTree = "<group>"; };
		DAEBAE3B2DEB07A500082B1C /* SpacerBootcamp.swift */ = {isa = PBXFileReference; lastKnownFileType = sourcecode.swift; path = SpacerBootcamp.swift; sourceTree = "<group>"; };
		DAEBAE3D2DEB149C00082B1C /* InitializerBootcamp.swift */ = {isa = PBXFileReference; lastKnownFileType = sourcecode.swift; path = InitializerBootcamp.swift; sourceTree = "<group>"; };
		DAEBAE3F2DEC754F00082B1C /* ForEachAndLoopsBootcamp.swift */ = {isa = PBXFileReference; lastKnownFileType = sourcecode.swift; path = ForEachAndLoopsBootcamp.swift; sourceTree = "<group>"; };
		DAEBAE412DECB55B00082B1C /* ScrollViewBootcamp.swift */ = {isa = PBXFileReference; lastKnownFileType = sourcecode.swift; path = ScrollViewBootcamp.swift; sourceTree = "<group>"; };
		DAEBAE432DECC2D100082B1C /* GridBootcamp.swift */ = {isa = PBXFileReference; lastKnownFileType = sourcecode.swift; path = GridBootcamp.swift; sourceTree = "<group>"; };
		DAEBAE452DF11C7300082B1C /* ButtonBootcamp.swift */ = {isa = PBXFileReference; lastKnownFileType = sourcecode.swift; path = ButtonBootcamp.swift; sourceTree = "<group>"; };
		DAEBAE472DF2692E00082B1C /* SateBootcamp.swift */ = {isa = PBXFileReference; lastKnownFileType = sourcecode.swift; path = SateBootcamp.swift; sourceTree = "<group>"; };
		DAEBAE492DF28E1E00082B1C /* SubviewBootcamp.swift */ = {isa = PBXFileReference; lastKnownFileType = sourcecode.swift; path = SubviewBootcamp.swift; sourceTree = "<group>"; };
		DAEBAE4E2DF2909E00082B1C /* Closure.swift */ = {isa = PBXFileReference; lastKnownFileType = sourcecode.swift; path = Closure.swift; sourceTree = "<group>"; };
		DAED677D2E20E45C00309382 /* StateObjectBootcamp.swift */ = {isa = PBXFileReference; lastKnownFileType = sourcecode.swift; path = StateObjectBootcamp.swift; sourceTree = "<group>"; };
		DAED677F2E21089A00309382 /* ObservedObjectBootcamp.swift */ = {isa = PBXFileReference; lastKnownFileType = sourcecode.swift; path = ObservedObjectBootcamp.swift; sourceTree = "<group>"; };
		DAEEFB752E366D2F00E78DA2 /* ObservableObjectBootcamp.swift */ = {isa = PBXFileReference; lastKnownFileType = sourcecode.swift; path = ObservableObjectBootcamp.swift; sourceTree = "<group>"; };
/* End PBXFileReference section */

/* Begin PBXFrameworksBuildPhase section */
		DA415E4C2DE5BF26009F515E /* Frameworks */ = {
			isa = PBXFrameworksBuildPhase;
			buildActionMask = 2147483647;
			files = (
				DA5D71932E3FBB7C00C78E40 /* SDWebImageSwiftUI in Frameworks */,
			);
			runOnlyForDeploymentPostprocessing = 0;
		};
/* End PBXFrameworksBuildPhase section */

/* Begin PBXGroup section */
		DA415E462DE5BF26009F515E = {
			isa = PBXGroup;
			children = (
				DA415E652DE5BFAB009F515E /* LearnSwiftUI */,
				DA415E502DE5BF26009F515E /* Products */,
			);
			sourceTree = "<group>";
		};
		DA415E502DE5BF26009F515E /* Products */ = {
			isa = PBXGroup;
			children = (
				DA415E4F2DE5BF26009F515E /* LearnSwiftUI.app */,
			);
			name = Products;
			sourceTree = "<group>";
		};
		DA415E612DE5BFAB009F515E /* Preview Content */ = {
			isa = PBXGroup;
			children = (
				DA415E602DE5BFAB009F515E /* Preview Assets.xcassets */,
			);
			path = "Preview Content";
			sourceTree = "<group>";
		};
		DA415E652DE5BFAB009F515E /* LearnSwiftUI */ = {
			isa = PBXGroup;
			children = (
				DA415E712DE5C00D009F515E /* Info.plist */,
				DA415E612DE5BFAB009F515E /* Preview Content */,
				DA415E622DE5BFAB009F515E /* Assets.xcassets */,
				DA415E632DE5BFAB009F515E /* ContentView.swift */,
				DA415E642DE5BFAB009F515E /* LearnSwiftUIApp.swift */,
				DAEBAE4B2DF2907900082B1C /* Base */,
				DA5D71412E3E4BF100C78E40 /* CustomView */,
				DA5D71282E3D198100C78E40 /* Utilities */,
				DA415E6B2DE5BFBD009F515E /* Resource */,
				DA415E722DE5C307009F515E /* Extension */,
				DAA3B8D22E3A64FC0051F62F /* Models */,
				DA5D717C2E3FA56900C78E40 /* Networking */,
				DA65B7322E37D31200BF8A59 /* AppDemo */,
				DAAE8CBB2E45024800FCBA4E /* Architecture */,
				DA8991392E48C7A000C2BD27 /* Swift */,
				DA415E6A2DE5BFAF009F515E /* Bootcamp */,
			);
			path = LearnSwiftUI;
			sourceTree = "<group>";
		};
		DA415E6A2DE5BFAF009F515E /* Bootcamp */ = {
			isa = PBXGroup;
			children = (
				DA415E6D2DE5BFDD009F515E /* TextBootcamp.swift */,
				DA415E8A2DE5C845009F515E /* ShapesBootcamp.swift */,
				DA415E8C2DE5CD41009F515E /* ColorsBootcamp.swift */,
				DA415E902DE5DF63009F515E /* GradientsColorBootcamp.swift */,
				DA415E942DE5E707009F515E /* ImagesBootcamp.swift */,
				DAEBAE052DE9C2F800082B1C /* FrameBootcamp.swift */,
				DAEBAE072DE9C54500082B1C /* BackgroundAndOverlayBootcamp.swift */,
				DAEBAE392DEAF92400082B1C /* StacksBootcamp.swift */,
				DAEBAE3B2DEB07A500082B1C /* SpacerBootcamp.swift */,
				DAEBAE3D2DEB149C00082B1C /* InitializerBootcamp.swift */,
				DAEBAE3F2DEC754F00082B1C /* ForEachAndLoopsBootcamp.swift */,
				DAEBAE412DECB55B00082B1C /* ScrollViewBootcamp.swift */,
				DAEBAE432DECC2D100082B1C /* GridBootcamp.swift */,
				DAEBAE452DF11C7300082B1C /* ButtonBootcamp.swift */,
				DAEBAE472DF2692E00082B1C /* SateBootcamp.swift */,
				DAE2EAC52DF41FAB0083E733 /* BindingBootcamp.swift */,
				DAEBAE492DF28E1E00082B1C /* SubviewBootcamp.swift */,
				DAE2EAC72DF4A6CF0083E733 /* AnimationBootcamp.swift */,
				DAE2EAC92DF5DE280083E733 /* SheetBootcamp.swift */,
				DAEEFB752E366D2F00E78DA2 /* ObservableObjectBootcamp.swift */,
				DAED677D2E20E45C00309382 /* StateObjectBootcamp.swift */,
				DAED677F2E21089A00309382 /* ObservedObjectBootcamp.swift */,
				DAA3B8D92E3B61C20051F62F /* ObservableBootcamp.swift */,
				DA83D81B2E37891100913BF5 /* EnvironmentObjectBootcamp.swift */,
				DAA3B8D52E3B2C610051F62F /* EnvironmentBootcamp.swift */,
				DA5D71462E3F589A00C78E40 /* CustomEnvironmentValues.swift */,
				DA1F27822E37A8BB00295829 /* NavigationViewBootcamp.swift */,
				DA51642F2E3BCD2500642709 /* NavigationStackBootcamp.swift */,
				DA5164312E3CB57600642709 /* NavigationManager.swift */,
				DA5D71442E3F43B100C78E40 /* ObservablePattern.swift */,
				DA5D719F2E40CC8300C78E40 /* AsyncAwaitBootcamp.swift */,
				DAAE8CB72E43B46800FCBA4E /* GestureBootcamp.swift */,
				DAAE8CB92E44BDFF00FCBA4E /* FormView.swift */,
			);
			path = Bootcamp;
			sourceTree = "<group>";
		};
		DA415E6B2DE5BFBD009F515E /* Resource */ = {
			isa = PBXGroup;
			children = (
				DA415E6C2DE5BFC6009F515E /* Fonts */,
			);
			path = Resource;
			sourceTree = "<group>";
		};
		DA415E6C2DE5BFC6009F515E /* Fonts */ = {
			isa = PBXGroup;
			children = (
				DA415E6F2DE5BFF9009F515E /* Dosis-VariableFont_wght.ttf */,
			);
			path = Fonts;
			sourceTree = "<group>";
		};
		DA415E722DE5C307009F515E /* Extension */ = {
			isa = PBXGroup;
			children = (
				DAA9303F2E33C995000FE238 /* ButtonModifier.swift */,
				DA415E732DE5C31F009F515E /* Font.swift */,
				DA415E8E2DE5DCC0009F515E /* Color.swift */,
			);
			path = Extension;
			sourceTree = "<group>";
		};
		DA5D71042E3CD1EB00C78E40 /* NavigationApp */ = {
			isa = PBXGroup;
			children = (
				DA5D711D2E3D185500C78E40 /* NavRouter.swift */,
				DA5D711F2E3D185F00C78E40 /* ScreenCoordinator.swift */,
				DA5D711B2E3D184500C78E40 /* Router.swift */,
				DA5D712D2E3D1D7900C78E40 /* AppCoordinator.swift */,
				DA5D71262E3D18E300C78E40 /* UserSettings.swift */,
				DA5D71232E3D188C00C78E40 /* Scenes */,
			);
			path = NavigationApp;
			sourceTree = "<group>";
		};
		DA5D71232E3D188C00C78E40 /* Scenes */ = {
			isa = PBXGroup;
			children = (
				DA5D71312E3D20F100C78E40 /* Placeholder.swift */,
				DA5D712F2E3D205000C78E40 /* MainTab.swift */,
				DA5D712B2E3D1A8500C78E40 /* Login.swift */,
				DA5D71242E3D189100C78E40 /* Splash.swift */,
				DA5D71332E3DE65500C78E40 /* Home.swift */,
				DA5D71352E3DE82A00C78E40 /* Account.swift */,
				DA5D71392E3E000D00C78E40 /* Security.swift */,
				DA5D71372E3DFBA000C78E40 /* ChangePassword.swift */,
				DA5D71A12E41EEDA00C78E40 /* ChangePasswordSuccess.swift */,
			);
			path = Scenes;
			sourceTree = "<group>";
		};
		DA5D71282E3D198100C78E40 /* Utilities */ = {
			isa = PBXGroup;
			children = (
				DA5D71292E3D19A000C78E40 /* Logger.swift */,
			);
			path = Utilities;
			sourceTree = "<group>";
		};
		DA5D71412E3E4BF100C78E40 /* CustomView */ = {
			isa = PBXGroup;
			children = (
				DA5D719A2E3FC03D00C78E40 /* AlertHandler.swift */,
				DA8991362E47670600C2BD27 /* Button */,
			);
			path = CustomView;
			sourceTree = "<group>";
		};
		DA5D717C2E3FA56900C78E40 /* Networking */ = {
			isa = PBXGroup;
			children = (
				DA5D71812E3FA59900C78E40 /* NetworkError.swift */,
				DA5D717D2E3FA57800C78E40 /* NetworkProtocols.swift */,
				DA5D71852E3FA5B400C78E40 /* NetworkManager.swift */,
			);
			path = Networking;
			sourceTree = "<group>";
		};
		DA5D71872E3FB01C00C78E40 /* GithubUsers */ = {
			isa = PBXGroup;
			children = (
				DA5D71942E3FBC8700C78E40 /* GithubNetworkService */,
				DA5D718C2E3FBA6100C78E40 /* Model */,
				DA5D719C2E4093CB00C78E40 /* ViewModel */,
				DA5D71992E3FBCF500C78E40 /* Views */,
			);
			path = GithubUsers;
			sourceTree = "<group>";
		};
		DA5D718C2E3FBA6100C78E40 /* Model */ = {
			isa = PBXGroup;
			children = (
				DA5D718F2E3FBA7400C78E40 /* UserDetail.swift */,
				DA5D718D2E3FBA6A00C78E40 /* GithubUser.swift */,
			);
			path = Model;
			sourceTree = "<group>";
		};
		DA5D71942E3FBC8700C78E40 /* GithubNetworkService */ = {
			isa = PBXGroup;
			children = (
				DA5D71952E3FBC9100C78E40 /* GitHubAPIEndpoint.swift */,
				DA5D71972E3FBCBA00C78E40 /* GitHubNetworkService.swift */,
			);
			path = GithubNetworkService;
			sourceTree = "<group>";
		};
		DA5D71992E3FBCF500C78E40 /* Views */ = {
			isa = PBXGroup;
			children = (
				DA5D71882E3FB05100C78E40 /* UserRowView.swift */,
				DA5D718A2E3FB25700C78E40 /* GithubUserListView.swift */,
			);
			path = Views;
			sourceTree = "<group>";
		};
		DA5D719C2E4093CB00C78E40 /* ViewModel */ = {
			isa = PBXGroup;
			children = (
				DA5D719D2E40940400C78E40 /* GithubUserListVM.swift */,
			);
			path = ViewModel;
			sourceTree = "<group>";
		};
		DA65B7322E37D31200BF8A59 /* AppDemo */ = {
			isa = PBXGroup;
			children = (
				DA5D71872E3FB01C00C78E40 /* GithubUsers */,
				DA5D71042E3CD1EB00C78E40 /* NavigationApp */,
				DA65B7332E37D31B00BF8A59 /* TodoApp */,
			);
			path = AppDemo;
			sourceTree = "<group>";
		};
		DA65B7332E37D31B00BF8A59 /* TodoApp */ = {
			isa = PBXGroup;
			children = (
				DA65B7342E37D34600BF8A59 /* TodoStore.swift */,
				DA5C98B52E391F4B007AC9E9 /* TodoAppView.swift */,
				DA5C98B72E391F91007AC9E9 /* TodoListView.swift */,
				DA5C98B92E39237C007AC9E9 /* TodoRowView.swift */,
				DA5C98BB2E3924AA007AC9E9 /* TodoDetailView.swift */,
			);
			path = TodoApp;
			sourceTree = "<group>";
		};
		DA8991362E47670600C2BD27 /* Button */ = {
			isa = PBXGroup;
			children = (
				DA5D71422E3E4BF700C78E40 /* BackButton.swift */,
				DA8991372E47671F00C2BD27 /* HButton.swift */,
			);
			path = Button;
			sourceTree = "<group>";
		};
		DA8991392E48C7A000C2BD27 /* Swift */ = {
			isa = PBXGroup;
			children = (
				DA89A7CF2E48DF73007BF882 /* Closure.playground */,
				DA89A7D12E48FEAE007BF882 /* RefreshTokenExample.playground */,
				DA89A7D22E490391007BF882 /* GCDTest.playground */,
				DA6E0BBB2E4A32D0009B3778 /* OperationQueueTest.playground */,
			);
			path = Swift;
			sourceTree = "<group>";
		};
		DAA3B8D22E3A64FC0051F62F /* Models */ = {
			isa = PBXGroup;
			children = (
				DAA3B8D32E3A65110051F62F /* SharedModel.swift */,
			);
			path = Models;
			sourceTree = "<group>";
		};
		DAAE8CBB2E45024800FCBA4E /* Architecture */ = {
			isa = PBXGroup;
			children = (
				DAAE8CBC2E45028300FCBA4E /* CounterState.swift */,
			);
			path = Architecture;
			sourceTree = "<group>";
		};
		DAEBAE4B2DF2907900082B1C /* Base */ = {
			isa = PBXGroup;
			children = (
				DAEBAE4E2DF2909E00082B1C /* Closure.swift */,
			);
			path = Base;
			sourceTree = "<group>";
		};
/* End PBXGroup section */

/* Begin PBXNativeTarget section */
		DA415E4E2DE5BF26009F515E /* LearnSwiftUI */ = {
			isa = PBXNativeTarget;
			buildConfigurationList = DA415E5D2DE5BF27009F515E /* Build configuration list for PBXNativeTarget "LearnSwiftUI" */;
			buildPhases = (
				DA415E4B2DE5BF26009F515E /* Sources */,
				DA415E4C2DE5BF26009F515E /* Frameworks */,
				DA415E4D2DE5BF26009F515E /* Resources */,
			);
			buildRules = (
			);
			dependencies = (
			);
			name = LearnSwiftUI;
			packageProductDependencies = (
				DA5D71922E3FBB7C00C78E40 /* SDWebImageSwiftUI */,
			);
			productName = LearnSwiftUI;
			productReference = DA415E4F2DE5BF26009F515E /* LearnSwiftUI.app */;
			productType = "com.apple.product-type.application";
		};
/* End PBXNativeTarget section */

/* Begin PBXProject section */
		DA415E472DE5BF26009F515E /* Project object */ = {
			isa = PBXProject;
			attributes = {
				BuildIndependentTargetsInParallel = 1;
				LastSwiftUpdateCheck = 1620;
				LastUpgradeCheck = 1620;
				TargetAttributes = {
					DA415E4E2DE5BF26009F515E = {
						CreatedOnToolsVersion = 16.2;
					};
				};
			};
			buildConfigurationList = DA415E4A2DE5BF26009F515E /* Build configuration list for PBXProject "LearnSwiftUI" */;
			developmentRegion = en;
			hasScannedForEncodings = 0;
			knownRegions = (
				en,
				Base,
			);
			mainGroup = DA415E462DE5BF26009F515E;
			minimizedProjectReferenceProxies = 1;
			packageReferences = (
				DA5D71912E3FBB7C00C78E40 /* XCRemoteSwiftPackageReference "SDWebImageSwiftUI" */,
			);
			preferredProjectObjectVersion = 77;
			productRefGroup = DA415E502DE5BF26009F515E /* Products */;
			projectDirPath = "";
			projectRoot = "";
			targets = (
				DA415E4E2DE5BF26009F515E /* LearnSwiftUI */,
			);
		};
/* End PBXProject section */

/* Begin PBXResourcesBuildPhase section */
		DA415E4D2DE5BF26009F515E /* Resources */ = {
			isa = PBXResourcesBuildPhase;
			buildActionMask = 2147483647;
			files = (
				DA415E682DE5BFAB009F515E /* Preview Assets.xcassets in Resources */,
				DA415E692DE5BFAB009F515E /* Assets.xcassets in Resources */,
				DA415E702DE5BFF9009F515E /* Dosis-VariableFont_wght.ttf in Resources */,
			);
			runOnlyForDeploymentPostprocessing = 0;
		};
/* End PBXResourcesBuildPhase section */

/* Begin PBXSourcesBuildPhase section */
		DA415E4B2DE5BF26009F515E /* Sources */ = {
			isa = PBXSourcesBuildPhase;
			buildActionMask = 2147483647;
			files = (
				DA5D712C2E3D1A8800C78E40 /* Login.swift in Sources */,
				DA415E8D2DE5CD41009F515E /* ColorsBootcamp.swift in Sources */,
				DA5D712E2E3D1D7900C78E40 /* AppCoordinator.swift in Sources */,
				DA415E8B2DE5C845009F515E /* ShapesBootcamp.swift in Sources */,
				DA5D718E2E3FBA6A00C78E40 /* GithubUser.swift in Sources */,
				DA83D81C2E37891E00913BF5 /* EnvironmentObjectBootcamp.swift in Sources */,
				DAEEFB762E366D4000E78DA2 /* ObservableObjectBootcamp.swift in Sources */,
				DA5D71252E3D189100C78E40 /* Splash.swift in Sources */,
				DAEBAE4A2DF28E1E00082B1C /* SubviewBootcamp.swift in Sources */,
				DA65B7352E37D34600BF8A59 /* TodoStore.swift in Sources */,
				DA5D712A2E3D19A000C78E40 /* Logger.swift in Sources */,
				DA5D71822E3FA59900C78E40 /* NetworkError.swift in Sources */,
				DAEBAE422DECB55B00082B1C /* ScrollViewBootcamp.swift in Sources */,
				DA5D71862E3FA5B400C78E40 /* NetworkManager.swift in Sources */,
				DA5D719B2E3FC03D00C78E40 /* AlertHandler.swift in Sources */,
				DAE2EACA2DF5DE280083E733 /* SheetBootcamp.swift in Sources */,
				DA415E8F2DE5DCC0009F515E /* Color.swift in Sources */,
				DA5D71452E3F43B100C78E40 /* ObservablePattern.swift in Sources */,
				DAEBAE462DF11C7300082B1C /* ButtonBootcamp.swift in Sources */,
				DA5D711C2E3D184500C78E40 /* Router.swift in Sources */,
				DA415E742DE5C31F009F515E /* Font.swift in Sources */,
				DA5D719E2E40940400C78E40 /* GithubUserListVM.swift in Sources */,
				DA415E912DE5DF63009F515E /* GradientsColorBootcamp.swift in Sources */,
				DA5D718B2E3FB25700C78E40 /* GithubUserListView.swift in Sources */,
				DAAE8CBA2E44BDFF00FCBA4E /* FormView.swift in Sources */,
				DAEBAE402DEC754F00082B1C /* ForEachAndLoopsBootcamp.swift in Sources */,
				DA5D71982E3FBCBA00C78E40 /* GitHubNetworkService.swift in Sources */,
				DAEBAE3E2DEB149C00082B1C /* InitializerBootcamp.swift in Sources */,
				DA415E662DE5BFAB009F515E /* ContentView.swift in Sources */,
				DAA3B8DA2E3B61C20051F62F /* ObservableBootcamp.swift in Sources */,
				DA8991382E47671F00C2BD27 /* HButton.swift in Sources */,
				DAAE8CB82E43B46800FCBA4E /* GestureBootcamp.swift in Sources */,
				DA5D71272E3D18E300C78E40 /* UserSettings.swift in Sources */,
				DAEBAE4F2DF2909E00082B1C /* Closure.swift in Sources */,
				DA5D71362E3DE82A00C78E40 /* Account.swift in Sources */,
				DA5D71902E3FBA7400C78E40 /* UserDetail.swift in Sources */,
				DA5D71342E3DE65500C78E40 /* Home.swift in Sources */,
				DA5D71202E3D185F00C78E40 /* ScreenCoordinator.swift in Sources */,
				DAE2EAC82DF4A6CF0083E733 /* AnimationBootcamp.swift in Sources */,
				DA5D71322E3D20F100C78E40 /* Placeholder.swift in Sources */,
				DA415E672DE5BFAB009F515E /* LearnSwiftUIApp.swift in Sources */,
				DA5D717E2E3FA57800C78E40 /* NetworkProtocols.swift in Sources */,
				DA5D71472E3F589A00C78E40 /* CustomEnvironmentValues.swift in Sources */,
				DAEBAE082DE9C54500082B1C /* BackgroundAndOverlayBootcamp.swift in Sources */,
				DAED677E2E20E45C00309382 /* StateObjectBootcamp.swift in Sources */,
				DAE2EAC62DF41FAB0083E733 /* BindingBootcamp.swift in Sources */,
				DAEBAE482DF2692E00082B1C /* SateBootcamp.swift in Sources */,
				DA415E6E2DE5BFDD009F515E /* TextBootcamp.swift in Sources */,
				DAEBAE3A2DEAF92400082B1C /* StacksBootcamp.swift in Sources */,
				DA5D71302E3D205400C78E40 /* MainTab.swift in Sources */,
				DAA3B8D42E3A65110051F62F /* SharedModel.swift in Sources */,
				DA5164302E3BCD2500642709 /* NavigationStackBootcamp.swift in Sources */,
				DA1F27832E37A8C300295829 /* NavigationViewBootcamp.swift in Sources */,
				DA5D71A02E40CC8300C78E40 /* AsyncAwaitBootcamp.swift in Sources */,
				DA5D71432E3E4BF700C78E40 /* BackButton.swift in Sources */,
				DA5D71892E3FB05100C78E40 /* UserRowView.swift in Sources */,
				DA5D713A2E3E000D00C78E40 /* Security.swift in Sources */,
				DAA3B8D62E3B2C610051F62F /* EnvironmentBootcamp.swift in Sources */,
				DA5C98BC2E3924AA007AC9E9 /* TodoDetailView.swift in Sources */,
				DAED67802E21089A00309382 /* ObservedObjectBootcamp.swift in Sources */,
				DA5C98B82E391F91007AC9E9 /* TodoListView.swift in Sources */,
				DA5D71A22E41EEDA00C78E40 /* ChangePasswordSuccess.swift in Sources */,
				DAEBAE3C2DEB07A500082B1C /* SpacerBootcamp.swift in Sources */,
				DAEBAE442DECC2D100082B1C /* GridBootcamp.swift in Sources */,
				DA5164322E3CB57600642709 /* NavigationManager.swift in Sources */,
				DA5D711E2E3D185500C78E40 /* NavRouter.swift in Sources */,
				DAEBAE062DE9C2F800082B1C /* FrameBootcamp.swift in Sources */,
				DAAE8CBD2E45028300FCBA4E /* CounterState.swift in Sources */,
				DA415E952DE5E707009F515E /* ImagesBootcamp.swift in Sources */,
				DA5C98B62E391F4B007AC9E9 /* TodoAppView.swift in Sources */,
				DA5D71382E3DFBA000C78E40 /* ChangePassword.swift in Sources */,
				DA5D71962E3FBC9100C78E40 /* GitHubAPIEndpoint.swift in Sources */,
				DAA930402E33C99C000FE238 /* ButtonModifier.swift in Sources */,
				DA5C98BA2E39237C007AC9E9 /* TodoRowView.swift in Sources */,
			);
			runOnlyForDeploymentPostprocessing = 0;
		};
/* End PBXSourcesBuildPhase section */

/* Begin XCBuildConfiguration section */
		DA415E5B2DE5BF27009F515E /* Debug */ = {
			isa = XCBuildConfiguration;
			buildSettings = {
				ALWAYS_SEARCH_USER_PATHS = NO;
				ASSETCATALOG_COMPILER_GENERATE_SWIFT_ASSET_SYMBOL_EXTENSIONS = YES;
				CLANG_ANALYZER_NONNULL = YES;
				CLANG_ANALYZER_NUMBER_OBJECT_CONVERSION = YES_AGGRESSIVE;
				CLANG_CXX_LANGUAGE_STANDARD = "gnu++20";
				CLANG_ENABLE_MODULES = YES;
				CLANG_ENABLE_OBJC_ARC = YES;
				CLANG_ENABLE_OBJC_WEAK = YES;
				CLANG_WARN_BLOCK_CAPTURE_AUTORELEASING = YES;
				CLANG_WARN_BOOL_CONVERSION = YES;
				CLANG_WARN_COMMA = YES;
				CLANG_WARN_CONSTANT_CONVERSION = YES;
				CLANG_WARN_DEPRECATED_OBJC_IMPLEMENTATIONS = YES;
				CLANG_WARN_DIRECT_OBJC_ISA_USAGE = YES_ERROR;
				CLANG_WARN_DOCUMENTATION_COMMENTS = YES;
				CLANG_WARN_EMPTY_BODY = YES;
				CLANG_WARN_ENUM_CONVERSION = YES;
				CLANG_WARN_INFINITE_RECURSION = YES;
				CLANG_WARN_INT_CONVERSION = YES;
				CLANG_WARN_NON_LITERAL_NULL_CONVERSION = YES;
				CLANG_WARN_OBJC_IMPLICIT_RETAIN_SELF = YES;
				CLANG_WARN_OBJC_LITERAL_CONVERSION = YES;
				CLANG_WARN_OBJC_ROOT_CLASS = YES_ERROR;
				CLANG_WARN_QUOTED_INCLUDE_IN_FRAMEWORK_HEADER = YES;
				CLANG_WARN_RANGE_LOOP_ANALYSIS = YES;
				CLANG_WARN_STRICT_PROTOTYPES = YES;
				CLANG_WARN_SUSPICIOUS_MOVE = YES;
				CLANG_WARN_UNGUARDED_AVAILABILITY = YES_AGGRESSIVE;
				CLANG_WARN_UNREACHABLE_CODE = YES;
				CLANG_WARN__DUPLICATE_METHOD_MATCH = YES;
				COPY_PHASE_STRIP = NO;
				DEBUG_INFORMATION_FORMAT = dwarf;
				ENABLE_STRICT_OBJC_MSGSEND = YES;
				ENABLE_TESTABILITY = YES;
				ENABLE_USER_SCRIPT_SANDBOXING = YES;
				GCC_C_LANGUAGE_STANDARD = gnu17;
				GCC_DYNAMIC_NO_PIC = NO;
				GCC_NO_COMMON_BLOCKS = YES;
				GCC_OPTIMIZATION_LEVEL = 0;
				GCC_PREPROCESSOR_DEFINITIONS = (
					"DEBUG=1",
					"$(inherited)",
				);
				GCC_WARN_64_TO_32_BIT_CONVERSION = YES;
				GCC_WARN_ABOUT_RETURN_TYPE = YES_ERROR;
				GCC_WARN_UNDECLARED_SELECTOR = YES;
				GCC_WARN_UNINITIALIZED_AUTOS = YES_AGGRESSIVE;
				GCC_WARN_UNUSED_FUNCTION = YES;
				GCC_WARN_UNUSED_VARIABLE = YES;
				IPHONEOS_DEPLOYMENT_TARGET = 18.2;
				LOCALIZATION_PREFERS_STRING_CATALOGS = YES;
				MTL_ENABLE_DEBUG_INFO = INCLUDE_SOURCE;
				MTL_FAST_MATH = YES;
				ONLY_ACTIVE_ARCH = YES;
				SDKROOT = iphoneos;
				SWIFT_ACTIVE_COMPILATION_CONDITIONS = "DEBUG $(inherited)";
				SWIFT_OPTIMIZATION_LEVEL = "-Onone";
			};
			name = Debug;
		};
		DA415E5C2DE5BF27009F515E /* Release */ = {
			isa = XCBuildConfiguration;
			buildSettings = {
				ALWAYS_SEARCH_USER_PATHS = NO;
				ASSETCATALOG_COMPILER_GENERATE_SWIFT_ASSET_SYMBOL_EXTENSIONS = YES;
				CLANG_ANALYZER_NONNULL = YES;
				CLANG_ANALYZER_NUMBER_OBJECT_CONVERSION = YES_AGGRESSIVE;
				CLANG_CXX_LANGUAGE_STANDARD = "gnu++20";
				CLANG_ENABLE_MODULES = YES;
				CLANG_ENABLE_OBJC_ARC = YES;
				CLANG_ENABLE_OBJC_WEAK = YES;
				CLANG_WARN_BLOCK_CAPTURE_AUTORELEASING = YES;
				CLANG_WARN_BOOL_CONVERSION = YES;
				CLANG_WARN_COMMA = YES;
				CLANG_WARN_CONSTANT_CONVERSION = YES;
				CLANG_WARN_DEPRECATED_OBJC_IMPLEMENTATIONS = YES;
				CLANG_WARN_DIRECT_OBJC_ISA_USAGE = YES_ERROR;
				CLANG_WARN_DOCUMENTATION_COMMENTS = YES;
				CLANG_WARN_EMPTY_BODY = YES;
				CLANG_WARN_ENUM_CONVERSION = YES;
				CLANG_WARN_INFINITE_RECURSION = YES;
				CLANG_WARN_INT_CONVERSION = YES;
				CLANG_WARN_NON_LITERAL_NULL_CONVERSION = YES;
				CLANG_WARN_OBJC_IMPLICIT_RETAIN_SELF = YES;
				CLANG_WARN_OBJC_LITERAL_CONVERSION = YES;
				CLANG_WARN_OBJC_ROOT_CLASS = YES_ERROR;
				CLANG_WARN_QUOTED_INCLUDE_IN_FRAMEWORK_HEADER = YES;
				CLANG_WARN_RANGE_LOOP_ANALYSIS = YES;
				CLANG_WARN_STRICT_PROTOTYPES = YES;
				CLANG_WARN_SUSPICIOUS_MOVE = YES;
				CLANG_WARN_UNGUARDED_AVAILABILITY = YES_AGGRESSIVE;
				CLANG_WARN_UNREACHABLE_CODE = YES;
				CLANG_WARN__DUPLICATE_METHOD_MATCH = YES;
				COPY_PHASE_STRIP = NO;
				DEBUG_INFORMATION_FORMAT = "dwarf-with-dsym";
				ENABLE_NS_ASSERTIONS = NO;
				ENABLE_STRICT_OBJC_MSGSEND = YES;
				ENABLE_USER_SCRIPT_SANDBOXING = YES;
				GCC_C_LANGUAGE_STANDARD = gnu17;
				GCC_NO_COMMON_BLOCKS = YES;
				GCC_WARN_64_TO_32_BIT_CONVERSION = YES;
				GCC_WARN_ABOUT_RETURN_TYPE = YES_ERROR;
				GCC_WARN_UNDECLARED_SELECTOR = YES;
				GCC_WARN_UNINITIALIZED_AUTOS = YES_AGGRESSIVE;
				GCC_WARN_UNUSED_FUNCTION = YES;
				GCC_WARN_UNUSED_VARIABLE = YES;
				IPHONEOS_DEPLOYMENT_TARGET = 18.2;
				LOCALIZATION_PREFERS_STRING_CATALOGS = YES;
				MTL_ENABLE_DEBUG_INFO = NO;
				MTL_FAST_MATH = YES;
				SDKROOT = iphoneos;
				SWIFT_COMPILATION_MODE = wholemodule;
				VALIDATE_PRODUCT = YES;
			};
			name = Release;
		};
		DA415E5E2DE5BF27009F515E /* Debug */ = {
			isa = XCBuildConfiguration;
			buildSettings = {
				ASSETCATALOG_COMPILER_APPICON_NAME = AppIcon;
				ASSETCATALOG_COMPILER_GLOBAL_ACCENT_COLOR_NAME = AccentColor;
				CODE_SIGN_STYLE = Automatic;
				CURRENT_PROJECT_VERSION = 1;
				DEVELOPMENT_ASSET_PATHS = "\"LearnSwiftUI/Preview Content\"";
				ENABLE_PREVIEWS = YES;
				GENERATE_INFOPLIST_FILE = YES;
				INFOPLIST_FILE = LearnSwiftUI/Info.plist;
				INFOPLIST_KEY_UIApplicationSceneManifest_Generation = YES;
				INFOPLIST_KEY_UIApplicationSupportsIndirectInputEvents = YES;
				INFOPLIST_KEY_UILaunchScreen_Generation = YES;
				INFOPLIST_KEY_UISupportedInterfaceOrientations_iPad = "UIInterfaceOrientationPortrait UIInterfaceOrientationPortraitUpsideDown UIInterfaceOrientationLandscapeLeft UIInterfaceOrientationLandscapeRight";
				INFOPLIST_KEY_UISupportedInterfaceOrientations_iPhone = "UIInterfaceOrientationPortrait UIInterfaceOrientationLandscapeLeft UIInterfaceOrientationLandscapeRight";
				IPHONEOS_DEPLOYMENT_TARGET = 17.6;
				LD_RUNPATH_SEARCH_PATHS = (
					"$(inherited)",
					"@executable_path/Frameworks",
				);
				MARKETING_VERSION = 1.0;
				PRODUCT_BUNDLE_IDENTIFIER = haonguyen.LearnSwiftUI;
				PRODUCT_NAME = "$(TARGET_NAME)";
				SUPPORTED_PLATFORMS = "iphoneos iphonesimulator";
				SUPPORTS_MACCATALYST = NO;
				SUPPORTS_MAC_DESIGNED_FOR_IPHONE_IPAD = NO;
				SUPPORTS_XR_DESIGNED_FOR_IPHONE_IPAD = NO;
				SWIFT_EMIT_LOC_STRINGS = YES;
				SWIFT_VERSION = 5.0;
				TARGETED_DEVICE_FAMILY = 1;
			};
			name = Debug;
		};
		DA415E5F2DE5BF27009F515E /* Release */ = {
			isa = XCBuildConfiguration;
			buildSettings = {
				ASSETCATALOG_COMPILER_APPICON_NAME = AppIcon;
				ASSETCATALOG_COMPILER_GLOBAL_ACCENT_COLOR_NAME = AccentColor;
				CODE_SIGN_STYLE = Automatic;
				CURRENT_PROJECT_VERSION = 1;
				DEVELOPMENT_ASSET_PATHS = "\"LearnSwiftUI/Preview Content\"";
				ENABLE_PREVIEWS = YES;
				GENERATE_INFOPLIST_FILE = YES;
				INFOPLIST_FILE = LearnSwiftUI/Info.plist;
				INFOPLIST_KEY_UIApplicationSceneManifest_Generation = YES;
				INFOPLIST_KEY_UIApplicationSupportsIndirectInputEvents = YES;
				INFOPLIST_KEY_UILaunchScreen_Generation = YES;
				INFOPLIST_KEY_UISupportedInterfaceOrientations_iPad = "UIInterfaceOrientationPortrait UIInterfaceOrientationPortraitUpsideDown UIInterfaceOrientationLandscapeLeft UIInterfaceOrientationLandscapeRight";
				INFOPLIST_KEY_UISupportedInterfaceOrientations_iPhone = "UIInterfaceOrientationPortrait UIInterfaceOrientationLandscapeLeft UIInterfaceOrientationLandscapeRight";
				IPHONEOS_DEPLOYMENT_TARGET = 17.6;
				LD_RUNPATH_SEARCH_PATHS = (
					"$(inherited)",
					"@executable_path/Frameworks",
				);
				MARKETING_VERSION = 1.0;
				PRODUCT_BUNDLE_IDENTIFIER = haonguyen.LearnSwiftUI;
				PRODUCT_NAME = "$(TARGET_NAME)";
				SUPPORTED_PLATFORMS = "iphoneos iphonesimulator";
				SUPPORTS_MACCATALYST = NO;
				SUPPORTS_MAC_DESIGNED_FOR_IPHONE_IPAD = NO;
				SUPPORTS_XR_DESIGNED_FOR_IPHONE_IPAD = NO;
				SWIFT_EMIT_LOC_STRINGS = YES;
				SWIFT_VERSION = 5.0;
				TARGETED_DEVICE_FAMILY = 1;
			};
			name = Release;
		};
/* End XCBuildConfiguration section */

/* Begin XCConfigurationList section */
		DA415E4A2DE5BF26009F515E /* Build configuration list for PBXProject "LearnSwiftUI" */ = {
			isa = XCConfigurationList;
			buildConfigurations = (
				DA415E5B2DE5BF27009F515E /* Debug */,
				DA415E5C2DE5BF27009F515E /* Release */,
			);
			defaultConfigurationIsVisible = 0;
			defaultConfigurationName = Release;
		};
		DA415E5D2DE5BF27009F515E /* Build configuration list for PBXNativeTarget "LearnSwiftUI" */ = {
			isa = XCConfigurationList;
			buildConfigurations = (
				DA415E5E2DE5BF27009F515E /* Debug */,
				DA415E5F2DE5BF27009F515E /* Release */,
			);
			defaultConfigurationIsVisible = 0;
			defaultConfigurationName = Release;
		};
/* End XCConfigurationList section */

/* Begin XCRemoteSwiftPackageReference section */
		DA5D71912E3FBB7C00C78E40 /* XCRemoteSwiftPackageReference "SDWebImageSwiftUI" */ = {
			isa = XCRemoteSwiftPackageReference;
			repositoryURL = "https://github.com/SDWebImage/SDWebImageSwiftUI.git";
			requirement = {
				kind = upToNextMajorVersion;
				minimumVersion = 3.1.3;
			};
		};
/* End XCRemoteSwiftPackageReference section */

/* Begin XCSwiftPackageProductDependency section */
		DA5D71922E3FBB7C00C78E40 /* SDWebImageSwiftUI */ = {
			isa = XCSwiftPackageProductDependency;
			package = DA5D71912E3FBB7C00C78E40 /* XCRemoteSwiftPackageReference "SDWebImageSwiftUI" */;
			productName = SDWebImageSwiftUI;
		};
/* End XCSwiftPackageProductDependency section */
	};
	rootObject = DA415E472DE5BF26009F515E /* Project object */;
}
